{
  "name": "next16-app",
  "lockfileVersion": 3,
  "requires": true,
  "packages": {
    "": { "name": "next16-app" },
    "node_modules/next": { "version": "16.1.2", "resolved": "https://registry.npmjs.org/next/-/next-16.1.2.tgz" },
    "node_modules/react": { "version": "19.2.0" },
    "node_modules/react-dom": { "version": "19.2.0" },
    "node_modules/tailwindcss": { "version": "4.1.8" },
    "node_modules/typescript": { "version": "5.7.3" }
  }
}
